// !$*UTF8*$!
{
	archiveVersion = 1;
	classes = {
	};
	objectVersion = 46;
	objects = {

/* Begin PBXBuildFile section */
		1F3E07CD1D787AF6004744E0 /* AppDelegate.swift in Sources */ = {isa = PBXBuildFile; fileRef = 1F3E07CC1D787AF6004744E0 /* AppDelegate.swift */; };
		1F3E07D21D787AF6004744E0 /* Main.storyboard in Resources */ = {isa = PBXBuildFile; fileRef = 1F3E07D01D787AF6004744E0 /* Main.storyboard */; };
		1F3E07D41D787AF6004744E0 /* Assets.xcassets in Resources */ = {isa = PBXBuildFile; fileRef = 1F3E07D31D787AF6004744E0 /* Assets.xcassets */; };
		1F3E07D71D787AF6004744E0 /* LaunchScreen.storyboard in Resources */ = {isa = PBXBuildFile; fileRef = 1F3E07D51D787AF6004744E0 /* LaunchScreen.storyboard */; };
		1F3E07DF1D787C1B004744E0 /* dictionary.json in Resources */ = {isa = PBXBuildFile; fileRef = 1F3E07DE1D787C1B004744E0 /* dictionary.json */; };
		1F3E07E11D787CB2004744E0 /* WordsListTableViewController.swift in Sources */ = {isa = PBXBuildFile; fileRef = 1F3E07E01D787CB2004744E0 /* WordsListTableViewController.swift */; };
/* End PBXBuildFile section */

/* Begin PBXFileReference section */
		1F3E07C91D787AF6004744E0 /* FuzzySearch.app */ = {isa = PBXFileReference; explicitFileType = wrapper.application; includeInIndex = 0; path = FuzzySearch.app; sourceTree = BUILT_PRODUCTS_DIR; };
		1F3E07CC1D787AF6004744E0 /* AppDelegate.swift */ = {isa = PBXFileReference; lastKnownFileType = sourcecode.swift; path = AppDelegate.swift; sourceTree = "<group>"; };
		1F3E07D11D787AF6004744E0 /* Base */ = {isa = PBXFileReference; lastKnownFileType = file.storyboard; name = Base; path = Base.lproj/Main.storyboard; sourceTree = "<group>"; };
		1F3E07D31D787AF6004744E0 /* Assets.xcassets */ = {isa = PBXFileReference; lastKnownFileType = folder.assetcatalog; path = Assets.xcassets; sourceTree = "<group>"; };
		1F3E07D61D787AF6004744E0 /* Base */ = {isa = PBXFileReference; lastKnownFileType = file.storyboard; name = Base; path = Base.lproj/LaunchScreen.storyboard; sourceTree = "<group>"; };
		1F3E07D81D787AF6004744E0 /* Info.plist */ = {isa = PBXFileReference; lastKnownFileType = text.plist.xml; path = Info.plist; sourceTree = "<group>"; };
		1F3E07DE1D787C1B004744E0 /* dictionary.json */ = {isa = PBXFileReference; fileEncoding = 4; lastKnownFileType = text.json; path = dictionary.json; sourceTree = "<group>"; };
		1F3E07E01D787CB2004744E0 /* WordsListTableViewController.swift */ = {isa = PBXFileReference; fileEncoding = 4; lastKnownFileType = sourcecode.swift; path = WordsListTableViewController.swift; sourceTree = "<group>"; };
/* End PBXFileReference section */

/* Begin PBXFrameworksBuildPhase section */
		1F3E07C61D787AF6004744E0 /* Frameworks */ = {
			isa = PBXFrameworksBuildPhase;
			buildActionMask = 2147483647;
			files = (
			);
			runOnlyForDeploymentPostprocessing = 0;
		};
/* End PBXFrameworksBuildPhase section */

/* Begin PBXGroup section */
		1F3E07C01D787AF6004744E0 = {
			isa = PBXGroup;
			children = (
				1F3E07CB1D787AF6004744E0 /* FuzzySearch */,
				1F3E07CA1D787AF6004744E0 /* Products */,
			);
			sourceTree = "<group>";
		};
		1F3E07CA1D787AF6004744E0 /* Products */ = {
			isa = PBXGroup;
			children = (
				1F3E07C91D787AF6004744E0 /* FuzzySearch.app */,
			);
			name = Products;
			sourceTree = "<group>";
		};
		1F3E07CB1D787AF6004744E0 /* FuzzySearch */ = {
			isa = PBXGroup;
			children = (
				1F3E07CC1D787AF6004744E0 /* AppDelegate.swift */,
				1F3E07E21D787CB6004744E0 /* ViewController */,
				1F3E07D31D787AF6004744E0 /* Assets.xcassets */,
				1F3E07DE1D787C1B004744E0 /* dictionary.json */,
				1F3E07D81D787AF6004744E0 /* Info.plist */,
				1F3E07D51D787AF6004744E0 /* LaunchScreen.storyboard */,
				1F3E07D01D787AF6004744E0 /* Main.storyboard */,
			);
			path = FuzzySearch;
			sourceTree = "<group>";
		};
		1F3E07E21D787CB6004744E0 /* ViewController */ = {
			isa = PBXGroup;
			children = (
				1F3E07E01D787CB2004744E0 /* WordsListTableViewController.swift */,
			);
			name = ViewController;
			sourceTree = "<group>";
		};
/* End PBXGroup section */

/* Begin PBXNativeTarget section */
		1F3E07C81D787AF6004744E0 /* FuzzySearch */ = {
			isa = PBXNativeTarget;
			buildConfigurationList = 1F3E07DB1D787AF6004744E0 /* Build configuration list for PBXNativeTarget "FuzzySearch" */;
			buildPhases = (
				1F3E07C51D787AF6004744E0 /* Sources */,
				1F3E07C61D787AF6004744E0 /* Frameworks */,
				1F3E07C71D787AF6004744E0 /* Resources */,
			);
			buildRules = (
			);
			dependencies = (
			);
			name = FuzzySearch;
			productName = FuzzySearch;
			productReference = 1F3E07C91D787AF6004744E0 /* FuzzySearch.app */;
			productType = "com.apple.product-type.application";
		};
/* End PBXNativeTarget section */

/* Begin PBXProject section */
		1F3E07C11D787AF6004744E0 /* Project object */ = {
			isa = PBXProject;
			attributes = {
				LastSwiftUpdateCheck = 0730;
				LastUpgradeCheck = 0730;
				ORGANIZATIONNAME = JCN;
				TargetAttributes = {
					1F3E07C81D787AF6004744E0 = {
						CreatedOnToolsVersion = 7.3.1;
					};
				};
			};
			buildConfigurationList = 1F3E07C41D787AF6004744E0 /* Build configuration list for PBXProject "FuzzySearch" */;
			compatibilityVersion = "Xcode 3.2";
			developmentRegion = English;
			hasScannedForEncodings = 0;
			knownRegions = (
				en,
				Base,
			);
			mainGroup = 1F3E07C01D787AF6004744E0;
			productRefGroup = 1F3E07CA1D787AF6004744E0 /* Products */;
			projectDirPath = "";
			projectRoot = "";
			targets = (
				1F3E07C81D787AF6004744E0 /* FuzzySearch */,
			);
		};
/* End PBXProject section */

/* Begin PBXResourcesBuildPhase section */
		1F3E07C71D787AF6004744E0 /* Resources */ = {
			isa = PBXResourcesBuildPhase;
			buildActionMask = 2147483647;
			files = (
				1F3E07D71D787AF6004744E0 /* LaunchScreen.storyboard in Resources */,
				1F3E07DF1D787C1B004744E0 /* dictionary.json in Resources */,
				1F3E07D41D787AF6004744E0 /* Assets.xcassets in Resources */,
				1F3E07D21D787AF6004744E0 /* Main.storyboard in Resources */,
			);
			runOnlyForDeploymentPostprocessing = 0;
		};
/* End PBXResourcesBuildPhase section */

/* Begin PBXSourcesBuildPhase section */
		1F3E07C51D787AF6004744E0 /* Sources */ = {
			isa = PBXSourcesBuildPhase;
			buildActionMask = 2147483647;
			files = (
				1F3E07CD1D787AF6004744E0 /* AppDelegate.swift in Sources */,
				1F3E07E11D787CB2004744E0 /* WordsListTableViewController.swift in Sources */,
			);
			runOnlyForDeploymentPostprocessing = 0;
		};
/* End PBXSourcesBuildPhase section */

/* Begin PBXVariantGroup section */
		1F3E07D01D787AF6004744E0 /* Main.storyboard */ = {
			isa = PBXVariantGroup;
			children = (
				1F3E07D11D787AF6004744E0 /* Base */,
			);
			name = Main.storyboard;
			sourceTree = "<group>";
		};
		1F3E07D51D787AF6004744E0 /* LaunchScreen.storyboard */ = {
			isa = PBXVariantGroup;
			children = (
				1F3E07D61D787AF6004744E0 /* Base */,
			);
			name = LaunchScreen.storyboard;
			sourceTree = "<group>";
		};
/* End PBXVariantGroup section */

/* Begin XCBuildConfiguration section */
		1F3E07D91D787AF6004744E0 /* Debug */ = {
			isa = XCBuildConfiguration;
			buildSettings = {
				ALWAYS_SEARCH_USER_PATHS = NO;
				CLANG_ANALYZER_NONNULL = YES;
				CLANG_CXX_LANGUAGE_STANDARD = "gnu++0x";
				CLANG_CXX_LIBRARY = "libc++";
				CLANG_ENABLE_MODULES = YES;
				CLANG_ENABLE_OBJC_ARC = YES;
				CLANG_WARN_BOOL_CONVERSION = YES;
				CLANG_WARN_CONSTANT_CONVERSION = YES;
				CLANG_WARN_DIRECT_OBJC_ISA_USAGE = YES_ERROR;
				CLANG_WARN_EMPTY_BODY = YES;
				CLANG_WARN_ENUM_CONVERSION = YES;
				CLANG_WARN_INT_CONVERSION = YES;
				CLANG_WARN_OBJC_ROOT_CLASS = YES_ERROR;
				CLANG_WARN_UNREACHABLE_CODE = YES;
				CLANG_WARN__DUPLICATE_METHOD_MATCH = YES;
				"CODE_SIGN_IDENTITY[sdk=iphoneos*]" = "iPhone Developer";
				COPY_PHASE_STRIP = NO;
				DEBUG_INFORMATION_FORMAT = dwarf;
				ENABLE_STRICT_OBJC_MSGSEND = YES;
				ENABLE_TESTABILITY = YES;
				GCC_C_LANGUAGE_STANDARD = gnu99;
				GCC_DYNAMIC_NO_PIC = NO;
				GCC_NO_COMMON_BLOCKS = YES;
				GCC_OPTIMIZATION_LEVEL = 0;
				GCC_PREPROCESSOR_DEFINITIONS = (
					"DEBUG=1",
					"$(inherited)",
				);
				GCC_WARN_64_TO_32_BIT_CONVERSION = YES;
				GCC_WARN_ABOUT_RETURN_TYPE = YES_ERROR;
				GCC_WARN_UNDECLARED_SELECTOR = YES;
				GCC_WARN_UNINITIALIZED_AUTOS = YES_AGGRESSIVE;
				GCC_WARN_UNUSED_FUNCTION = YES;
				GCC_WARN_UNUSED_VARIABLE = YES;
				IPHONEOS_DEPLOYMENT_TARGET = 9.3;
				MTL_ENABLE_DEBUG_INFO = YES;
				ONLY_ACTIVE_ARCH = YES;
				SDKROOT = iphoneos;
				SWIFT_OPTIMIZATION_LEVEL = "-Onone";
				TARGETED_DEVICE_FAMILY = "1,2";
			};
			name = Debug;
		};
		1F3E07DA1D787AF6004744E0 /* Release */ = {
			isa = XCBuildConfiguration;
			buildSettings = {
				ALWAYS_SEARCH_USER_PATHS = NO;
				CLANG_ANALYZER_NONNULL = YES;
				CLANG_CXX_LANGUAGE_STANDARD = "gnu++0x";
				CLANG_CXX_LIBRARY = "libc++";
				CLANG_ENABLE_MODULES = YES;
				CLANG_ENABLE_OBJC_ARC = YES;
				CLANG_WARN_BOOL_CONVERSION = YES;
				CLANG_WARN_CONSTANT_CONVERSION = YES;
				CLANG_WARN_DIRECT_OBJC_ISA_USAGE = YES_ERROR;
				CLANG_WARN_EMPTY_BODY = YES;
				CLANG_WARN_ENUM_CONVERSION = YES;
				CLANG_WARN_INT_CONVERSION = YES;
				CLANG_WARN_OBJC_ROOT_CLASS = YES_ERROR;
				CLANG_WARN_UNREACHABLE_CODE = YES;
				CLANG_WARN__DUPLICATE_METHOD_MATCH = YES;
				"CODE_SIGN_IDENTITY[sdk=iphoneos*]" = "iPhone Developer";
				COPY_PHASE_STRIP = NO;
				DEBUG_INFORMATION_FORMAT = "dwarf-with-dsym";
				ENABLE_NS_ASSERTIONS = NO;
				ENABLE_STRICT_OBJC_MSGSEND = YES;
				GCC_C_LANGUAGE_STANDARD = gnu99;
				GCC_NO_COMMON_BLOCKS = YES;
				GCC_WARN_64_TO_32_BIT_CONVERSION = YES;
				GCC_WARN_ABOUT_RETURN_TYPE = YES_ERROR;
				GCC_WARN_UNDECLARED_SELECTOR = YES;
				GCC_WARN_UNINITIALIZED_AUTOS = YES_AGGRESSIVE;
				GCC_WARN_UNUSED_FUNCTION = YES;
				GCC_WARN_UNUSED_VARIABLE = YES;
				IPHONEOS_DEPLOYMENT_TARGET = 9.3;
				MTL_ENABLE_DEBUG_INFO = NO;
				SDKROOT = iphoneos;
				TARGETED_DEVICE_FAMILY = "1,2";
				VALIDATE_PRODUCT = YES;
			};
			name = Release;
		};
		1F3E07DC1D787AF6004744E0 /* Debug */ = {
			isa = XCBuildConfiguration;
			buildSettings = {
				ASSETCATALOG_COMPILER_APPICON_NAME = AppIcon;
				INFOPLIST_FILE = FuzzySearch/Info.plist;
				LD_RUNPATH_SEARCH_PATHS = "$(inherited) @executable_path/Frameworks";
				PRODUCT_BUNDLE_IDENTIFIER = com.jcn.FuzzySearch;
				PRODUCT_NAME = "$(TARGET_NAME)";
			};
			name = Debug;
		};
		1F3E07DD1D787AF6004744E0 /* Release */ = {
			isa = XCBuildConfiguration;
			buildSettings = {
				ASSETCATALOG_COMPILER_APPICON_NAME = AppIcon;
				INFOPLIST_FILE = FuzzySearch/Info.plist;
				LD_RUNPATH_SEARCH_PATHS = "$(inherited) @executable_path/Frameworks";
				PRODUCT_BUNDLE_IDENTIFIER = com.jcn.FuzzySearch;
				PRODUCT_NAME = "$(TARGET_NAME)";
			};
			name = Release;
		};
/* End XCBuildConfiguration section */

/* Begin XCConfigurationList section */
		1F3E07C41D787AF6004744E0 /* Build configuration list for PBXProject "FuzzySearch" */ = {
			isa = XCConfigurationList;
			buildConfigurations = (
				1F3E07D91D787AF6004744E0 /* Debug */,
				1F3E07DA1D787AF6004744E0 /* Release */,
			);
			defaultConfigurationIsVisible = 0;
			defaultConfigurationName = Release;
		};
		1F3E07DB1D787AF6004744E0 /* Build configuration list for PBXNativeTarget "FuzzySearch" */ = {
			isa = XCConfigurationList;
			buildConfigurations = (
				1F3E07DC1D787AF6004744E0 /* Debug */,
				1F3E07DD1D787AF6004744E0 /* Release */,
			);
			defaultConfigurationIsVisible = 0;
		};
/* End XCConfigurationList section */
	};
	rootObject = 1F3E07C11D787AF6004744E0 /* Project object */;
}
